
Microsoft Visual Studio Solution File, Format Version 12.00
# Visual Studio Version 17
VisualStudioVersion = 17.10.34928.147
MinimumVisualStudioVersion = 10.0.40219.1
Project("{9A19103F-16F7-4668-BE54-9A1E7A4F7556}") = "TruthLens.Core", "TruthLens.Core\TruthLens.Core.csproj", "{760DA8F5-8B26-4E5C-BA31-87D643616AE7}"
EndProject
Project("{9A19103F-16F7-4668-BE54-9A1E7A4F7556}") = "TruthLens.Services", "TruthLens.Services\TruthLens.Services.csproj", "{A6321921-661D-4DAB-A480-7859052DCE08}"
EndProject
Project("{9A19103F-16F7-4668-BE54-9A1E7A4F7556}") = "TruthLens.UI", "TruthLens.UI\TruthLens.UI.csproj", "{3B56CCAE-C419-4BA4-BB72-E6F22B64D62B}"
EndProject
Project("{9A19103F-16F7-4668-BE54-9A1E7A4F7556}") = "TruthLens.Shared", "TruthLens.Shared\TruthLens.Shared.csproj", "{55BF0878-2C03-408D-AC5E-9BDCC2F06812}"
EndProject
Project("{9A19103F-16F7-4668-BE54-9A1E7A4F7556}") = "TruthLens.API", "TruthLens.API\TruthLens.API.csproj", "{D6623830-BF0C-44D2-9FB9-FA61674A53ED}"
EndProject
Global
	GlobalSection(SolutionConfigurationPlatforms) = preSolution
		Debug|Any CPU = Debug|Any CPU
		Release|Any CPU = Release|Any CPU
	EndGlobalSection
	GlobalSection(ProjectConfigurationPlatforms) = postSolution
		{760DA8F5-8B26-4E5C-BA31-87D643616AE7}.Debug|Any CPU.ActiveCfg = Debug|Any CPU
		{760DA8F5-8B26-4E5C-BA31-87D643616AE7}.Debug|Any CPU.Build.0 = Debug|Any CPU
		{760DA8F5-8B26-4E5C-BA31-87D643616AE7}.Release|Any CPU.ActiveCfg = Release|Any CPU
		{760DA8F5-8B26-4E5C-BA31-87D643616AE7}.Release|Any CPU.Build.0 = Release|Any CPU
		{A6321921-661D-4DAB-A480-7859052DCE08}.Debug|Any CPU.ActiveCfg = Debug|Any CPU
		{A6321921-661D-4DAB-A480-7859052DCE08}.Debug|Any CPU.Build.0 = Debug|Any CPU
		{A6321921-661D-4DAB-A480-7859052DCE08}.Release|Any CPU.ActiveCfg = Release|Any CPU
		{A6321921-661D-4DAB-A480-7859052DCE08}.Release|Any CPU.Build.0 = Release|Any CPU
		{3B56CCAE-C419-4BA4-BB72-E6F22B64D62B}.Debug|Any CPU.ActiveCfg = Debug|Any CPU
		{3B56CCAE-C419-4BA4-BB72-E6F22B64D62B}.Debug|Any CPU.Build.0 = Debug|Any CPU
		{3B56CCAE-C419-4BA4-BB72-E6F22B64D62B}.Release|Any CPU.ActiveCfg = Release|Any CPU
		{3B56CCAE-C419-4BA4-BB72-E6F22B64D62B}.Release|Any CPU.Build.0 = Release|Any CPU
		{55BF0878-2C03-408D-AC5E-9BDCC2F06812}.Debug|Any CPU.ActiveCfg = Debug|Any CPU
		{55BF0878-2C03-408D-AC5E-9BDCC2F06812}.Debug|Any CPU.Build.0 = Debug|Any CPU
		{55BF0878-2C03-408D-AC5E-9BDCC2F06812}.Release|Any CPU.ActiveCfg = Release|Any CPU
		{55BF0878-2C03-408D-AC5E-9BDCC2F06812}.Release|Any CPU.Build.0 = Release|Any CPU
		{D6623830-BF0C-44D2-9FB9-FA61674A53ED}.Debug|Any CPU.ActiveCfg = Debug|Any CPU
		{D6623830-BF0C-44D2-9FB9-FA61674A53ED}.Debug|Any CPU.Build.0 = Debug|Any CPU
		{D6623830-BF0C-44D2-9FB9-FA61674A53ED}.Release|Any CPU.ActiveCfg = Release|Any CPU
		{D6623830-BF0C-44D2-9FB9-FA61674A53ED}.Release|Any CPU.Build.0 = Release|Any CPU
	EndGlobalSection
	GlobalSection(SolutionProperties) = preSolution
		HideSolutionNode = FALSE
	EndGlobalSection
	GlobalSection(ExtensibilityGlobals) = postSolution
		SolutionGuid = {DB72DF8A-51BB-40F3-AF96-27DA0B2FF4AB}
	EndGlobalSection
EndGlobal
